
Microsoft Visual Studio Solution File, Format Version 12.00
# Visual Studio Version 17
VisualStudioVersion = 17.7.34031.279
MinimumVisualStudioVersion = 10.0.40219.1
Project("{FAE04EC0-301F-11D3-BF4B-00C04F79EFBC}") = "ProductsCRUD", "ProductsCRUD\ProductsCRUD.csproj", "{636EF528-2835-4C6B-9049-1D23E298A2F1}"
EndProject
Global
	GlobalSection(SolutionConfigurationPlatforms) = preSolution
		Debug|Any CPU = Debug|Any CPU
		Release|Any CPU = Release|Any CPU
	EndGlobalSection
	GlobalSection(ProjectConfigurationPlatforms) = postSolution
		{636EF528-2835-4C6B-9049-1D23E298A2F1}.Debug|Any CPU.ActiveCfg = Debug|Any CPU
		{636EF528-2835-4C6B-9049-1D23E298A2F1}.Debug|Any CPU.Build.0 = Debug|Any CPU
		{636EF528-2835-4C6B-9049-1D23E298A2F1}.Release|Any CPU.ActiveCfg = Release|Any CPU
		{636EF528-2835-4C6B-9049-1D23E298A2F1}.Release|Any CPU.Build.0 = Release|Any CPU
	EndGlobalSection
	GlobalSection(SolutionProperties) = preSolution
		HideSolutionNode = FALSE
	EndGlobalSection
	GlobalSection(ExtensibilityGlobals) = postSolution
		SolutionGuid = {FFD7B8F8-047C-4DC5-A64D-C963157B5F6C}
	EndGlobalSection
EndGlobal
